
Microsoft Visual Studio Solution File, Format Version 12.00
# Visual Studio Version 17
VisualStudioVersion = 17.9.34728.123
MinimumVisualStudioVersion = 10.0.40219.1
Project("{9A19103F-16F7-4668-BE54-9A1E7A4F7556}") = "Entidades", "Entidades\Entidades.csproj", "{5E13C40F-127E-4535-BF8A-0D8185CD713B}"
EndProject
Project("{2150E333-8FDC-42A3-9474-1A3956D46DE8}") = "00. FrontEnd", "00. FrontEnd", "{228675D3-2944-46C1-98D1-91B2C131429D}"
EndProject
Project("{2150E333-8FDC-42A3-9474-1A3956D46DE8}") = "01. BackEnd", "01. BackEnd", "{DDF3E132-53F9-4EBE-9A5D-F0A14C7AB458}"
EndProject
Project("{2150E333-8FDC-42A3-9474-1A3956D46DE8}") = "00. Entidades", "00. Entidades", "{CAF573F5-F7D7-4FDC-B7A5-76C87AA45F56}"
EndProject
Project("{2150E333-8FDC-42A3-9474-1A3956D46DE8}") = "01. AccesoDatos", "01. AccesoDatos", "{DE65DE3E-0A09-43CA-B59C-372E92975A50}"
EndProject
Project("{2150E333-8FDC-42A3-9474-1A3956D46DE8}") = "02. ApiRest", "02. ApiRest", "{396896C0-53A6-4057-BA52-0DE4C52A5F14}"
EndProject
Project("{2150E333-8FDC-42A3-9474-1A3956D46DE8}") = "02. Shared", "02. Shared", "{293525A0-1194-4078-828B-AAB2DEACC58C}"
EndProject
Project("{9A19103F-16F7-4668-BE54-9A1E7A4F7556}") = "Dto", "Dto\Dto.csproj", "{091417AC-B526-4AA5-B913-24596CAEBBC3}"
EndProject
Project("{9A19103F-16F7-4668-BE54-9A1E7A4F7556}") = "DataAccess", "DataAccess\DataAccess.csproj", "{768287A0-F07B-4A9F-A921-05337026B853}"
EndProject
Project("{9A19103F-16F7-4668-BE54-9A1E7A4F7556}") = "Repositories", "Repositories\Repositories.csproj", "{0836B4ED-1D9B-41B2-850A-E28FD573762F}"
EndProject
Project("{9A19103F-16F7-4668-BE54-9A1E7A4F7556}") = "WebApi", "WebApi\WebApi.csproj", "{AAC31699-8E58-4E8F-956B-CC39DE2FF6D1}"
EndProject
Project("{2150E333-8FDC-42A3-9474-1A3956D46DE8}") = "NewFolder1", "NewFolder1", "{A17E2DB9-7CE4-4C68-9983-83B0B6FACE0B}"
EndProject
Project("{FAE04EC0-301F-11D3-BF4B-00C04F79EFBC}") = "BlazorClient", "BlazorClient\BlazorClient.csproj", "{E61ADAD6-165A-470D-B6FF-22001BDBFACA}"
EndProject
Global
	GlobalSection(SolutionConfigurationPlatforms) = preSolution
		Debug|Any CPU = Debug|Any CPU
		Release|Any CPU = Release|Any CPU
	EndGlobalSection
	GlobalSection(ProjectConfigurationPlatforms) = postSolution
		{5E13C40F-127E-4535-BF8A-0D8185CD713B}.Debug|Any CPU.ActiveCfg = Debug|Any CPU
		{5E13C40F-127E-4535-BF8A-0D8185CD713B}.Debug|Any CPU.Build.0 = Debug|Any CPU
		{5E13C40F-127E-4535-BF8A-0D8185CD713B}.Release|Any CPU.ActiveCfg = Release|Any CPU
		{5E13C40F-127E-4535-BF8A-0D8185CD713B}.Release|Any CPU.Build.0 = Release|Any CPU
		{091417AC-B526-4AA5-B913-24596CAEBBC3}.Debug|Any CPU.ActiveCfg = Debug|Any CPU
		{091417AC-B526-4AA5-B913-24596CAEBBC3}.Debug|Any CPU.Build.0 = Debug|Any CPU
		{091417AC-B526-4AA5-B913-24596CAEBBC3}.Release|Any CPU.ActiveCfg = Release|Any CPU
		{091417AC-B526-4AA5-B913-24596CAEBBC3}.Release|Any CPU.Build.0 = Release|Any CPU
		{768287A0-F07B-4A9F-A921-05337026B853}.Debug|Any CPU.ActiveCfg = Debug|Any CPU
		{768287A0-F07B-4A9F-A921-05337026B853}.Debug|Any CPU.Build.0 = Debug|Any CPU
		{768287A0-F07B-4A9F-A921-05337026B853}.Release|Any CPU.ActiveCfg = Release|Any CPU
		{768287A0-F07B-4A9F-A921-05337026B853}.Release|Any CPU.Build.0 = Release|Any CPU
		{0836B4ED-1D9B-41B2-850A-E28FD573762F}.Debug|Any CPU.ActiveCfg = Debug|Any CPU
		{0836B4ED-1D9B-41B2-850A-E28FD573762F}.Debug|Any CPU.Build.0 = Debug|Any CPU
		{0836B4ED-1D9B-41B2-850A-E28FD573762F}.Release|Any CPU.ActiveCfg = Release|Any CPU
		{0836B4ED-1D9B-41B2-850A-E28FD573762F}.Release|Any CPU.Build.0 = Release|Any CPU
		{AAC31699-8E58-4E8F-956B-CC39DE2FF6D1}.Debug|Any CPU.ActiveCfg = Debug|Any CPU
		{AAC31699-8E58-4E8F-956B-CC39DE2FF6D1}.Debug|Any CPU.Build.0 = Debug|Any CPU
		{AAC31699-8E58-4E8F-956B-CC39DE2FF6D1}.Release|Any CPU.ActiveCfg = Release|Any CPU
		{AAC31699-8E58-4E8F-956B-CC39DE2FF6D1}.Release|Any CPU.Build.0 = Release|Any CPU
		{E61ADAD6-165A-470D-B6FF-22001BDBFACA}.Debug|Any CPU.ActiveCfg = Debug|Any CPU
		{E61ADAD6-165A-470D-B6FF-22001BDBFACA}.Debug|Any CPU.Build.0 = Debug|Any CPU
		{E61ADAD6-165A-470D-B6FF-22001BDBFACA}.Release|Any CPU.ActiveCfg = Release|Any CPU
		{E61ADAD6-165A-470D-B6FF-22001BDBFACA}.Release|Any CPU.Build.0 = Release|Any CPU
	EndGlobalSection
	GlobalSection(SolutionProperties) = preSolution
		HideSolutionNode = FALSE
	EndGlobalSection
	GlobalSection(NestedProjects) = preSolution
		{5E13C40F-127E-4535-BF8A-0D8185CD713B} = {CAF573F5-F7D7-4FDC-B7A5-76C87AA45F56}
		{CAF573F5-F7D7-4FDC-B7A5-76C87AA45F56} = {DDF3E132-53F9-4EBE-9A5D-F0A14C7AB458}
		{DE65DE3E-0A09-43CA-B59C-372E92975A50} = {DDF3E132-53F9-4EBE-9A5D-F0A14C7AB458}
		{396896C0-53A6-4057-BA52-0DE4C52A5F14} = {DDF3E132-53F9-4EBE-9A5D-F0A14C7AB458}
		{091417AC-B526-4AA5-B913-24596CAEBBC3} = {293525A0-1194-4078-828B-AAB2DEACC58C}
		{768287A0-F07B-4A9F-A921-05337026B853} = {DE65DE3E-0A09-43CA-B59C-372E92975A50}
		{0836B4ED-1D9B-41B2-850A-E28FD573762F} = {DE65DE3E-0A09-43CA-B59C-372E92975A50}
		{AAC31699-8E58-4E8F-956B-CC39DE2FF6D1} = {396896C0-53A6-4057-BA52-0DE4C52A5F14}
		{E61ADAD6-165A-470D-B6FF-22001BDBFACA} = {228675D3-2944-46C1-98D1-91B2C131429D}
	EndGlobalSection
	GlobalSection(ExtensibilityGlobals) = postSolution
		SolutionGuid = {32128FE9-CD4A-43F6-BA90-6AA1AF89F434}
	EndGlobalSection
EndGlobal
